
Microsoft Visual Studio Solution File, Format Version 12.00
# Visual Studio Version 17
VisualStudioVersion = 17.1.31911.260
MinimumVisualStudioVersion = 10.0.40219.1
Project("{9A19103F-16F7-4668-BE54-9A1E7A4F7556}") = "WebApplication1", "WebApplication1\WebApplication1.csproj", "{91EAF844-AB4F-44AA-A32F-053A630FF2D8}"
EndProject
Project("{2150E333-8FDC-42A3-9474-1A3956D46DE8}") = "Solution Items", "Solution Items", "{421342BD-654A-45EA-9F1A-A8D06E89D7E4}"
	ProjectSection(SolutionItems) = preProject
		.s2i\environment = .s2i\environment
	EndProjectSection
EndProject
Global
	GlobalSection(SolutionConfigurationPlatforms) = preSolution
		Debug|Any CPU = Debug|Any CPU
		Release|Any CPU = Release|Any CPU
	EndGlobalSection
	GlobalSection(ProjectConfigurationPlatforms) = postSolution
		{91EAF844-AB4F-44AA-A32F-053A630FF2D8}.Debug|Any CPU.ActiveCfg = Debug|Any CPU
		{91EAF844-AB4F-44AA-A32F-053A630FF2D8}.Debug|Any CPU.Build.0 = Debug|Any CPU
		{91EAF844-AB4F-44AA-A32F-053A630FF2D8}.Release|Any CPU.ActiveCfg = Release|Any CPU
		{91EAF844-AB4F-44AA-A32F-053A630FF2D8}.Release|Any CPU.Build.0 = Release|Any CPU
	EndGlobalSection
	GlobalSection(SolutionProperties) = preSolution
		HideSolutionNode = FALSE
	EndGlobalSection
	GlobalSection(ExtensibilityGlobals) = postSolution
		SolutionGuid = {84002467-D7AA-4205-B461-75047D126FE7}
	EndGlobalSection
EndGlobal
